
Microsoft Visual Studio Solution File, Format Version 12.00
# Visual Studio Version 17
VisualStudioVersion = 17.7.34031.279
MinimumVisualStudioVersion = 10.0.40219.1
Project("{FAE04EC0-301F-11D3-BF4B-00C04F79EFBC}") = "Exam", "Exam\Exam.csproj", "{2A70B131-AA6D-402D-9FD5-CDE01B3DA6D5}"
EndProject
Global
	GlobalSection(SolutionConfigurationPlatforms) = preSolution
		Debug|Any CPU = Debug|Any CPU
		Release|Any CPU = Release|Any CPU
	EndGlobalSection
	GlobalSection(ProjectConfigurationPlatforms) = postSolution
		{2A70B131-AA6D-402D-9FD5-CDE01B3DA6D5}.Debug|Any CPU.ActiveCfg = Debug|Any CPU
		{2A70B131-AA6D-402D-9FD5-CDE01B3DA6D5}.Debug|Any CPU.Build.0 = Debug|Any CPU
		{2A70B131-AA6D-402D-9FD5-CDE01B3DA6D5}.Release|Any CPU.ActiveCfg = Release|Any CPU
		{2A70B131-AA6D-402D-9FD5-CDE01B3DA6D5}.Release|Any CPU.Build.0 = Release|Any CPU
	EndGlobalSection
	GlobalSection(SolutionProperties) = preSolution
		HideSolutionNode = FALSE
	EndGlobalSection
	GlobalSection(ExtensibilityGlobals) = postSolution
		SolutionGuid = {C3DB3B9C-DAA0-4AFE-BE68-58050694D052}
	EndGlobalSection
EndGlobal
